
Microsoft Visual Studio Solution File, Format Version 12.00
# Visual Studio Version 16
VisualStudioVersion = 16.0.33214.272
MinimumVisualStudioVersion = 10.0.40219.1
Project("{FAE04EC0-301F-11D3-BF4B-00C04F79EFBC}") = "Ciclos", "Ciclos\Ciclos.csproj", "{C93EFF99-0D17-46F0-94E9-BBFAFA331241}"
EndProject
Global
	GlobalSection(SolutionConfigurationPlatforms) = preSolution
		Debug|Any CPU = Debug|Any CPU
		Release|Any CPU = Release|Any CPU
	EndGlobalSection
	GlobalSection(ProjectConfigurationPlatforms) = postSolution
		{C93EFF99-0D17-46F0-94E9-BBFAFA331241}.Debug|Any CPU.ActiveCfg = Debug|Any CPU
		{C93EFF99-0D17-46F0-94E9-BBFAFA331241}.Debug|Any CPU.Build.0 = Debug|Any CPU
		{C93EFF99-0D17-46F0-94E9-BBFAFA331241}.Release|Any CPU.ActiveCfg = Release|Any CPU
		{C93EFF99-0D17-46F0-94E9-BBFAFA331241}.Release|Any CPU.Build.0 = Release|Any CPU
	EndGlobalSection
	GlobalSection(SolutionProperties) = preSolution
		HideSolutionNode = FALSE
	EndGlobalSection
	GlobalSection(ExtensibilityGlobals) = postSolution
		SolutionGuid = {39D95BC1-8B96-417F-960B-2A12B3CF6BCF}
	EndGlobalSection
EndGlobal
